# THIS IS AN AUTOGENERATED FILE. DO NOT EDIT THIS FILE DIRECTLY.
# yarn lockfile v1


bignumber.js@9.0.0:
  version "9.0.0"
  resolved "https://registry.yarnpkg.com/bignumber.js/-/bignumber.js-9.0.0.tgz#805880f84a329b5eac6e7cb6f8274b6d82bdf075"
  integrity sha512-t/OYhhJ2SD+YGBQcjY8GzzDHEk9f3nerxjtfa6tlMXfe7frs/WozhvCNoGvpM0P3bNf3Gq5ZRMlGr5f3r4/N8A==

bson@~1.0.4:
  version "1.0.9"
  resolved "https://registry.yarnpkg.com/bson/-/bson-1.0.9.tgz#12319f8323b1254739b7c6bef8d3e89ae05a2f57"
  integrity sha512-IQX9/h7WdMBIW/q/++tGd+emQr0XMdeZ6icnT/74Xk9fnabWn+gZgpE+9V+gujL3hhJOoNrnDVY7tWdzc7NUTg==

buffer-shims@~1.0.0:
  version "1.0.0"
  resolved "https://registry.yarnpkg.com/buffer-shims/-/buffer-shims-1.0.0.tgz#9978ce317388c649ad8793028c3477ef044a8b51"
  integrity sha1-mXjOMXOIxkmth5MCjDR37wRKi1E=

camel-case@^3.0.0:
  version "3.0.0"
  resolved "https://registry.yarnpkg.com/camel-case/-/camel-case-3.0.0.tgz#ca3c3688a4e9cf3a4cda777dc4dcbc713249cf73"
  integrity sha1-yjw2iKTpzzpM2nd9xNy8cTJJz3M=
  dependencies:
    no-case "^2.2.0"
    upper-case "^1.1.1"

change-case@^3.0.0:
  version "3.1.0"
  resolved "https://registry.yarnpkg.com/change-case/-/change-case-3.1.0.tgz#0e611b7edc9952df2e8513b27b42de72647dd17e"
  integrity sha512-2AZp7uJZbYEzRPsFoa+ijKdvp9zsrnnt6+yFokfwEpeJm0xuJDVoxiRCAaTzyJND8GJkofo2IcKWaUZ/OECVzw==
  dependencies:
    camel-case "^3.0.0"
    constant-case "^2.0.0"
    dot-case "^2.1.0"
    header-case "^1.0.0"
    is-lower-case "^1.1.0"
    is-upper-case "^1.1.0"
    lower-case "^1.1.1"
    lower-case-first "^1.0.0"
    no-case "^2.3.2"
    param-case "^2.1.0"
    pascal-case "^2.0.0"
    path-case "^2.1.0"
    sentence-case "^2.1.0"
    snake-case "^2.1.0"
    swap-case "^1.1.0"
    title-case "^2.1.0"
    upper-case "^1.1.1"
    upper-case-first "^1.1.0"

co@^4.6.0:
  version "4.6.0"
  resolved "https://registry.yarnpkg.com/co/-/co-4.6.0.tgz#6ea6bdf3d853ae54ccb8e47bfa0bf3f9031fb184"
  integrity sha1-bqa989hTrlTMuOR7+gvz+QMfsYQ=

constant-case@^2.0.0:
  version "2.0.0"
  resolved "https://registry.yarnpkg.com/constant-case/-/constant-case-2.0.0.tgz#4175764d389d3fa9c8ecd29186ed6005243b6a46"
  integrity sha1-QXV2TTidP6nI7NKRhu1gBSQ7akY=
  dependencies:
    snake-case "^2.1.0"
    upper-case "^1.1.1"

core-util-is@~1.0.0:
  version "1.0.2"
  resolved "https://registry.yarnpkg.com/core-util-is/-/core-util-is-1.0.2.tgz#b5fd54220aa2bc5ab57aab7140c940754503c1a7"
  integrity sha1-tf1UIgqivFq1eqtxQMlAdUUDwac=

dot-case@^2.1.0:
  version "2.1.1"
  resolved "https://registry.yarnpkg.com/dot-case/-/dot-case-2.1.1.tgz#34dcf37f50a8e93c2b3bca8bb7fb9155c7da3bee"
  integrity sha1-NNzzf1Co6TwrO8qLt/uRVcfaO+4=
  dependencies:
    no-case "^2.2.0"

es6-promise@3.2.1:
  version "3.2.1"
  resolved "https://registry.yarnpkg.com/es6-promise/-/es6-promise-3.2.1.tgz#ec56233868032909207170c39448e24449dd1fc4"
  integrity sha1-7FYjOGgDKQkgcXDDlEjiREndH8Q=

header-case@^1.0.0:
  version "1.0.1"
  resolved "https://registry.yarnpkg.com/header-case/-/header-case-1.0.1.tgz#9535973197c144b09613cd65d317ef19963bd02d"
  integrity sha1-lTWXMZfBRLCWE81l0xfvGZY70C0=
  dependencies:
    no-case "^2.2.0"
    upper-case "^1.1.3"

inherits@~2.0.1, inherits@~2.0.3:
  version "2.0.4"
  resolved "https://registry.yarnpkg.com/inherits/-/inherits-2.0.4.tgz#0fa2c64f932917c3433a0ded55363aae37416b7c"
  integrity sha512-k/vGaX4/Yla3WzyMCvTQOXYeIHvqOKtnqBduzTHpzpQZzAskKMhZ2K+EnBiSM9zGSoIFeMpXKxa4dYeZIQqewQ==

is-lower-case@^1.1.0:
  version "1.1.3"
  resolved "https://registry.yarnpkg.com/is-lower-case/-/is-lower-case-1.1.3.tgz#7e147be4768dc466db3bfb21cc60b31e6ad69393"
  integrity sha1-fhR75HaNxGbbO/shzGCzHmrWk5M=
  dependencies:
    lower-case "^1.1.0"

is-upper-case@^1.1.0:
  version "1.1.2"
  resolved "https://registry.yarnpkg.com/is-upper-case/-/is-upper-case-1.1.2.tgz#8d0b1fa7e7933a1e58483600ec7d9661cbaf756f"
  integrity sha1-jQsfp+eTOh5YSDYA7H2WYcuvdW8=
  dependencies:
    upper-case "^1.1.0"

isarray@~1.0.0:
  version "1.0.0"
  resolved "https://registry.yarnpkg.com/isarray/-/isarray-1.0.0.tgz#bb935d48582cba168c06834957a54a3e07124f11"
  integrity sha1-u5NdSFgsuhaMBoNJV6VKPgcSTxE=

lodash@4.17.20:
  version "4.17.20"
  resolved "https://registry.yarnpkg.com/lodash/-/lodash-4.17.20.tgz#b44a9b6297bcb698f1c51a3545a2b3b368d59c52"
  integrity sha512-PlhdFcillOINfeV7Ni6oF1TAEayyZBoZ8bcshTHqOYJYlrqzRK5hagpagky5o4HfCzzd1TRkXPMFq6cKk9rGmA==

lower-case-first@^1.0.0:
  version "1.0.2"
  resolved "https://registry.yarnpkg.com/lower-case-first/-/lower-case-first-1.0.2.tgz#e5da7c26f29a7073be02d52bac9980e5922adfa1"
  integrity sha1-5dp8JvKacHO+AtUrrJmA5ZIq36E=
  dependencies:
    lower-case "^1.1.2"

lower-case@^1.1.0, lower-case@^1.1.1, lower-case@^1.1.2:
  version "1.1.4"
  resolved "https://registry.yarnpkg.com/lower-case/-/lower-case-1.1.4.tgz#9a2cabd1b9e8e0ae993a4bf7d5875c39c42e8eac"
  integrity sha1-miyr0bno4K6ZOkv31YdcOcQujqw=

moment@^2.15.2:
  version "2.29.1"
  resolved "https://registry.yarnpkg.com/moment/-/moment-2.29.1.tgz#b2be769fa31940be9eeea6469c075e35006fa3d3"
  integrity sha512-kHmoybcPV8Sqy59DwNDY3Jefr64lK/by/da0ViFcuA4DH0vQg5Q6Ze5VimxkfQNSC+Mls/Kx53s7TjP1RhFEDQ==

mongodb-core@2.1.20:
  version "2.1.20"
  resolved "https://registry.yarnpkg.com/mongodb-core/-/mongodb-core-2.1.20.tgz#fece8dd76b59ee7d7f2d313b65322c160492d8f1"
  integrity sha512-IN57CX5/Q1bhDq6ShAR6gIv4koFsZP7L8WOK1S0lR0pVDQaScffSMV5jxubLsmZ7J+UdqmykKw4r9hG3XQEGgQ==
  dependencies:
    bson "~1.0.4"
    require_optional "~1.0.0"

mongodb@^2.2.11:
  version "2.2.36"
  resolved "https://registry.yarnpkg.com/mongodb/-/mongodb-2.2.36.tgz#1c573680b2849fb0f47acbba3dc5fa228de975f5"
  integrity sha512-P2SBLQ8Z0PVx71ngoXwo12+FiSfbNfGOClAao03/bant5DgLNkOPAck5IaJcEk4gKlQhDEURzfR3xuBG1/B+IA==
  dependencies:
    es6-promise "3.2.1"
    mongodb-core "2.1.20"
    readable-stream "2.2.7"

mysql@^2.12.0:
  version "2.18.1"
  resolved "https://registry.yarnpkg.com/mysql/-/mysql-2.18.1.tgz#2254143855c5a8c73825e4522baf2ea021766717"
  integrity sha512-Bca+gk2YWmqp2Uf6k5NFEurwY/0td0cpebAucFpY/3jhrwrVGuxU2uQFCHjU19SJfje0yQvi+rVWdq78hR5lig==
  dependencies:
    bignumber.js "9.0.0"
    readable-stream "2.3.7"
    safe-buffer "5.1.2"
    sqlstring "2.3.1"

no-case@^2.2.0, no-case@^2.3.2:
  version "2.3.2"
  resolved "https://registry.yarnpkg.com/no-case/-/no-case-2.3.2.tgz#60b813396be39b3f1288a4c1ed5d1e7d28b464ac"
  integrity sha512-rmTZ9kz+f3rCvK2TD1Ue/oZlns7OGoIWP4fc3llxxRXlOkHKoWPPWJOfFYpITabSow43QJbRIoHQXtt10VldyQ==
  dependencies:
    lower-case "^1.1.1"

param-case@^2.1.0:
  version "2.1.1"
  resolved "https://registry.yarnpkg.com/param-case/-/param-case-2.1.1.tgz#df94fd8cf6531ecf75e6bef9a0858fbc72be2247"
  integrity sha1-35T9jPZTHs915r75oIWPvHK+Ikc=
  dependencies:
    no-case "^2.2.0"

pascal-case@^2.0.0:
  version "2.0.1"
  resolved "https://registry.yarnpkg.com/pascal-case/-/pascal-case-2.0.1.tgz#2d578d3455f660da65eca18ef95b4e0de912761e"
  integrity sha1-LVeNNFX2YNpl7KGO+VtODekSdh4=
  dependencies:
    camel-case "^3.0.0"
    upper-case-first "^1.1.0"

path-case@^2.1.0:
  version "2.1.1"
  resolved "https://registry.yarnpkg.com/path-case/-/path-case-2.1.1.tgz#94b8037c372d3fe2906e465bb45e25d226e8eea5"
  integrity sha1-lLgDfDctP+KQbkZbtF4l0ibo7qU=
  dependencies:
    no-case "^2.2.0"

process-nextick-args@~1.0.6:
  version "1.0.7"
  resolved "https://registry.yarnpkg.com/process-nextick-args/-/process-nextick-args-1.0.7.tgz#150e20b756590ad3f91093f25a4f2ad8bff30ba3"
  integrity sha1-FQ4gt1ZZCtP5EJPyWk8q2L/zC6M=

process-nextick-args@~2.0.0:
  version "2.0.1"
  resolved "https://registry.yarnpkg.com/process-nextick-args/-/process-nextick-args-2.0.1.tgz#7820d9b16120cc55ca9ae7792680ae7dba6d7fe2"
  integrity sha512-3ouUOpQhtgrbOa17J7+uxOTpITYWaGP7/AhoR3+A+/1e9skrzelGi/dXzEYyvbxubEF6Wn2ypscTKiKJFFn1ag==

readable-stream@2.2.7:
  version "2.2.7"
  resolved "https://registry.yarnpkg.com/readable-stream/-/readable-stream-2.2.7.tgz#07057acbe2467b22042d36f98c5ad507054e95b1"
  integrity sha1-BwV6y+JGeyIELTb5jFrVBwVOlbE=
  dependencies:
    buffer-shims "~1.0.0"
    core-util-is "~1.0.0"
    inherits "~2.0.1"
    isarray "~1.0.0"
    process-nextick-args "~1.0.6"
    string_decoder "~1.0.0"
    util-deprecate "~1.0.1"

readable-stream@2.3.7:
  version "2.3.7"
  resolved "https://registry.yarnpkg.com/readable-stream/-/readable-stream-2.3.7.tgz#1eca1cf711aef814c04f62252a36a62f6cb23b57"
  integrity sha512-Ebho8K4jIbHAxnuxi7o42OrZgF/ZTNcsZj6nRKyUmkhLFq8CHItp/fy6hQZuZmP/n3yZ9VBUbp4zz/mX8hmYPw==
  dependencies:
    core-util-is "~1.0.0"
    inherits "~2.0.3"
    isarray "~1.0.0"
    process-nextick-args "~2.0.0"
    safe-buffer "~5.1.1"
    string_decoder "~1.1.1"
    util-deprecate "~1.0.1"

require_optional@~1.0.0:
  version "1.0.1"
  resolved "https://registry.yarnpkg.com/require_optional/-/require_optional-1.0.1.tgz#4cf35a4247f64ca3df8c2ef208cc494b1ca8fc2e"
  integrity sha512-qhM/y57enGWHAe3v/NcwML6a3/vfESLe/sGM2dII+gEO0BpKRUkWZow/tyloNqJyN6kXSl3RyyM8Ll5D/sJP8g==
  dependencies:
    resolve-from "^2.0.0"
    semver "^5.1.0"

resolve-from@^2.0.0:
  version "2.0.0"
  resolved "https://registry.yarnpkg.com/resolve-from/-/resolve-from-2.0.0.tgz#9480ab20e94ffa1d9e80a804c7ea147611966b57"
  integrity sha1-lICrIOlP+h2egKgEx+oUdhGWa1c=

safe-buffer@5.1.2, safe-buffer@~5.1.0, safe-buffer@~5.1.1:
  version "5.1.2"
  resolved "https://registry.yarnpkg.com/safe-buffer/-/safe-buffer-5.1.2.tgz#991ec69d296e0313747d59bdfd2b745c35f8828d"
  integrity sha512-Gd2UZBJDkXlY7GbJxfsE8/nvKkUEU1G38c1siN6QP6a9PT9MmHB8GnpscSmMJSoF8LOIrt8ud/wPtojys4G6+g==

semver@^5.1.0:
  version "5.7.1"
  resolved "https://registry.yarnpkg.com/semver/-/semver-5.7.1.tgz#a954f931aeba508d307bbf069eff0c01c96116f7"
  integrity sha512-sauaDf/PZdVgrLTNYHRtpXa1iRiKcaebiKQ1BJdpQlWH2lCvexQdX55snPFyK7QzpudqbCI0qXFfOasHdyNDGQ==

sentence-case@^2.1.0:
  version "2.1.1"
  resolved "https://registry.yarnpkg.com/sentence-case/-/sentence-case-2.1.1.tgz#1f6e2dda39c168bf92d13f86d4a918933f667ed4"
  integrity sha1-H24t2jnBaL+S0T+G1KkYkz9mftQ=
  dependencies:
    no-case "^2.2.0"
    upper-case-first "^1.1.2"

snake-case@^2.1.0:
  version "2.1.0"
  resolved "https://registry.yarnpkg.com/snake-case/-/snake-case-2.1.0.tgz#41bdb1b73f30ec66a04d4e2cad1b76387d4d6d9f"
  integrity sha1-Qb2xtz8w7GagTU4srRt2OH1NbZ8=
  dependencies:
    no-case "^2.2.0"

sqlstring@2.3.1:
  version "2.3.1"
  resolved "https://registry.yarnpkg.com/sqlstring/-/sqlstring-2.3.1.tgz#475393ff9e91479aea62dcaf0ca3d14983a7fb40"
  integrity sha1-R1OT/56RR5rqYtyvDKPRSYOn+0A=

sqlstring@^2.2.0:
  version "2.3.2"
  resolved "https://registry.yarnpkg.com/sqlstring/-/sqlstring-2.3.2.tgz#cdae7169389a1375b18e885f2e60b3e460809514"
  integrity sha512-vF4ZbYdKS8OnoJAWBmMxCQDkiEBkGQYU7UZPtL8flbDRSNkhaXvRJ279ZtI6M+zDaQovVU4tuRgzK5fVhvFAhg==

string_decoder@~1.0.0:
  version "1.0.3"
  resolved "https://registry.yarnpkg.com/string_decoder/-/string_decoder-1.0.3.tgz#0fc67d7c141825de94282dd536bec6b9bce860ab"
  integrity sha512-4AH6Z5fzNNBcH+6XDMfA/BTt87skxqJlO0lAh3Dker5zThcAxG6mKz+iGu308UKoPPQ8Dcqx/4JhujzltRa+hQ==
  dependencies:
    safe-buffer "~5.1.0"

string_decoder@~1.1.1:
  version "1.1.1"
  resolved "https://registry.yarnpkg.com/string_decoder/-/string_decoder-1.1.1.tgz#9cf1611ba62685d7030ae9e4ba34149c3af03fc8"
  integrity sha512-n/ShnvDi6FHbbVfviro+WojiFzv+s8MPMHBczVePfUpDJLwoLT0ht1l4YwBCbi8pJAveEEdnkHyPyTP/mzRfwg==
  dependencies:
    safe-buffer "~5.1.0"

swap-case@^1.1.0:
  version "1.1.2"
  resolved "https://registry.yarnpkg.com/swap-case/-/swap-case-1.1.2.tgz#c39203a4587385fad3c850a0bd1bcafa081974e3"
  integrity sha1-w5IDpFhzhfrTyFCgvRvK+ggZdOM=
  dependencies:
    lower-case "^1.1.1"
    upper-case "^1.1.1"

title-case@^2.1.0:
  version "2.1.1"
  resolved "https://registry.yarnpkg.com/title-case/-/title-case-2.1.1.tgz#3e127216da58d2bc5becf137ab91dae3a7cd8faa"
  integrity sha1-PhJyFtpY0rxb7PE3q5Ha46fNj6o=
  dependencies:
    no-case "^2.2.0"
    upper-case "^1.0.3"

upper-case-first@^1.1.0, upper-case-first@^1.1.2:
  version "1.1.2"
  resolved "https://registry.yarnpkg.com/upper-case-first/-/upper-case-first-1.1.2.tgz#5d79bedcff14419518fd2edb0a0507c9b6859115"
  integrity sha1-XXm+3P8UQZUY/S7bCgUHybaFkRU=
  dependencies:
    upper-case "^1.1.1"

upper-case@^1.0.3, upper-case@^1.1.0, upper-case@^1.1.1, upper-case@^1.1.3:
  version "1.1.3"
  resolved "https://registry.yarnpkg.com/upper-case/-/upper-case-1.1.3.tgz#f6b4501c2ec4cdd26ba78be7222961de77621598"
  integrity sha1-9rRQHC7EzdJrp4vnIilh3ndiFZg=

util-deprecate@~1.0.1:
  version "1.0.2"
  resolved "https://registry.yarnpkg.com/util-deprecate/-/util-deprecate-1.0.2.tgz#450d4dc9fa70de732762fbd2d4a28981419a0ccf"
  integrity sha1-RQ1Nyfpw3nMnYvvS1KKJgUGaDM8=
